// !$*UTF8*$!
{
	archiveVersion = 1;
	classes = {
	};
	objectVersion = 56;
	objects = {

/* Begin PBXBuildFile section */
		4364D8692913963500FD6219 /* Diveroid300App.swift in Sources */ = {isa = PBXBuildFile; fileRef = 4364D8682913963500FD6219 /* Diveroid300App.swift */; };
		4364D86B2913963500FD6219 /* DiveMainView.swift in Sources */ = {isa = PBXBuildFile; fileRef = 4364D86A2913963500FD6219 /* DiveMainView.swift */; };
		4364D86D2913963800FD6219 /* Assets.xcassets in Resources */ = {isa = PBXBuildFile; fileRef = 4364D86C2913963800FD6219 /* Assets.xcassets */; };
		4364D8702913963800FD6219 /* Preview Assets.xcassets in Resources */ = {isa = PBXBuildFile; fileRef = 4364D86F2913963800FD6219 /* Preview Assets.xcassets */; };
		4364D87A2913963900FD6219 /* Diveroid300Tests.swift in Sources */ = {isa = PBXBuildFile; fileRef = 4364D8792913963900FD6219 /* Diveroid300Tests.swift */; };
		4364D8842913963900FD6219 /* Diveroid300UITests.swift in Sources */ = {isa = PBXBuildFile; fileRef = 4364D8832913963900FD6219 /* Diveroid300UITests.swift */; };
		4364D8862913963900FD6219 /* Diveroid300UITestsLaunchTests.swift in Sources */ = {isa = PBXBuildFile; fileRef = 4364D8852913963900FD6219 /* Diveroid300UITestsLaunchTests.swift */; };
		4364D89529139A3200FD6219 /* ComputerArea.swift in Sources */ = {isa = PBXBuildFile; fileRef = 4364D89429139A3200FD6219 /* ComputerArea.swift */; };
		4364D89929139B7600FD6219 /* Constants.swift in Sources */ = {isa = PBXBuildFile; fileRef = 4364D89829139B7600FD6219 /* Constants.swift */; };
		4364D89D2913AC9E00FD6219 /* CameraManager.swift in Sources */ = {isa = PBXBuildFile; fileRef = 4364D89C2913AC9E00FD6219 /* CameraManager.swift */; };
		4364D89F2913ACEB00FD6219 /* CameraError.swift in Sources */ = {isa = PBXBuildFile; fileRef = 4364D89E2913ACEB00FD6219 /* CameraError.swift */; };
		4364D8A12913B28000FD6219 /* FrameManager.swift in Sources */ = {isa = PBXBuildFile; fileRef = 4364D8A02913B28000FD6219 /* FrameManager.swift */; };
		4364D8A32913B58200FD6219 /* FrameView.swift in Sources */ = {isa = PBXBuildFile; fileRef = 4364D8A22913B58200FD6219 /* FrameView.swift */; };
		4364D8A52913B6D500FD6219 /* DiveMainViewModel.swift in Sources */ = {isa = PBXBuildFile; fileRef = 4364D8A42913B6D500FD6219 /* DiveMainViewModel.swift */; };
		4364D8A82913B7DF00FD6219 /* CGImageExtension.swift in Sources */ = {isa = PBXBuildFile; fileRef = 4364D8A72913B7DF00FD6219 /* CGImageExtension.swift */; };
		4364D8AA2913B8DA00FD6219 /* ErrorView.swift in Sources */ = {isa = PBXBuildFile; fileRef = 4364D8A92913B8DA00FD6219 /* ErrorView.swift */; };
		4364D8AC2913DAE700FD6219 /* ButtonsView.swift in Sources */ = {isa = PBXBuildFile; fileRef = 4364D8AB2913DAE700FD6219 /* ButtonsView.swift */; };
/* End PBXBuildFile section */

/* Begin PBXContainerItemProxy section */
		4364D8762913963900FD6219 /* PBXContainerItemProxy */ = {
			isa = PBXContainerItemProxy;
			containerPortal = 4364D85D2913963500FD6219 /* Project object */;
			proxyType = 1;
			remoteGlobalIDString = 4364D8642913963500FD6219;
			remoteInfo = Diveroid300;
		};
		4364D8802913963900FD6219 /* PBXContainerItemProxy */ = {
			isa = PBXContainerItemProxy;
			containerPortal = 4364D85D2913963500FD6219 /* Project object */;
			proxyType = 1;
			remoteGlobalIDString = 4364D8642913963500FD6219;
			remoteInfo = Diveroid300;
		};
/* End PBXContainerItemProxy section */

/* Begin PBXFileReference section */
		4364D8652913963500FD6219 /* Diveroid300.app */ = {isa = PBXFileReference; explicitFileType = wrapper.application; includeInIndex = 0; path = Diveroid300.app; sourceTree = BUILT_PRODUCTS_DIR; };
		4364D8682913963500FD6219 /* Diveroid300App.swift */ = {isa = PBXFileReference; lastKnownFileType = sourcecode.swift; path = Diveroid300App.swift; sourceTree = "<group>"; };
		4364D86A2913963500FD6219 /* DiveMainView.swift */ = {isa = PBXFileReference; lastKnownFileType = sourcecode.swift; path = DiveMainView.swift; sourceTree = "<group>"; };
		4364D86C2913963800FD6219 /* Assets.xcassets */ = {isa = PBXFileReference; lastKnownFileType = folder.assetcatalog; path = Assets.xcassets; sourceTree = "<group>"; };
		4364D86F2913963800FD6219 /* Preview Assets.xcassets */ = {isa = PBXFileReference; lastKnownFileType = folder.assetcatalog; path = "Preview Assets.xcassets"; sourceTree = "<group>"; };
		4364D8752913963900FD6219 /* Diveroid300Tests.xctest */ = {isa = PBXFileReference; explicitFileType = wrapper.cfbundle; includeInIndex = 0; path = Diveroid300Tests.xctest; sourceTree = BUILT_PRODUCTS_DIR; };
		4364D8792913963900FD6219 /* Diveroid300Tests.swift */ = {isa = PBXFileReference; lastKnownFileType = sourcecode.swift; path = Diveroid300Tests.swift; sourceTree = "<group>"; };
		4364D87F2913963900FD6219 /* Diveroid300UITests.xctest */ = {isa = PBXFileReference; explicitFileType = wrapper.cfbundle; includeInIndex = 0; path = Diveroid300UITests.xctest; sourceTree = BUILT_PRODUCTS_DIR; };
		4364D8832913963900FD6219 /* Diveroid300UITests.swift */ = {isa = PBXFileReference; lastKnownFileType = sourcecode.swift; path = Diveroid300UITests.swift; sourceTree = "<group>"; };
		4364D8852913963900FD6219 /* Diveroid300UITestsLaunchTests.swift */ = {isa = PBXFileReference; lastKnownFileType = sourcecode.swift; path = Diveroid300UITestsLaunchTests.swift; sourceTree = "<group>"; };
		4364D89429139A3200FD6219 /* ComputerArea.swift */ = {isa = PBXFileReference; lastKnownFileType = sourcecode.swift; path = ComputerArea.swift; sourceTree = "<group>"; };
		4364D89829139B7600FD6219 /* Constants.swift */ = {isa = PBXFileReference; lastKnownFileType = sourcecode.swift; path = Constants.swift; sourceTree = "<group>"; };
		4364D89C2913AC9E00FD6219 /* CameraManager.swift */ = {isa = PBXFileReference; lastKnownFileType = sourcecode.swift; path = CameraManager.swift; sourceTree = "<group>"; };
		4364D89E2913ACEB00FD6219 /* CameraError.swift */ = {isa = PBXFileReference; lastKnownFileType = sourcecode.swift; path = CameraError.swift; sourceTree = "<group>"; };
		4364D8A02913B28000FD6219 /* FrameManager.swift */ = {isa = PBXFileReference; lastKnownFileType = sourcecode.swift; path = FrameManager.swift; sourceTree = "<group>"; };
		4364D8A22913B58200FD6219 /* FrameView.swift */ = {isa = PBXFileReference; lastKnownFileType = sourcecode.swift; path = FrameView.swift; sourceTree = "<group>"; };
		4364D8A42913B6D500FD6219 /* DiveMainViewModel.swift */ = {isa = PBXFileReference; lastKnownFileType = sourcecode.swift; path = DiveMainViewModel.swift; sourceTree = "<group>"; };
		4364D8A72913B7DF00FD6219 /* CGImageExtension.swift */ = {isa = PBXFileReference; lastKnownFileType = sourcecode.swift; path = CGImageExtension.swift; sourceTree = "<group>"; };
		4364D8A92913B8DA00FD6219 /* ErrorView.swift */ = {isa = PBXFileReference; lastKnownFileType = sourcecode.swift; path = ErrorView.swift; sourceTree = "<group>"; };
		4364D8AB2913DAE700FD6219 /* ButtonsView.swift */ = {isa = PBXFileReference; lastKnownFileType = sourcecode.swift; path = ButtonsView.swift; sourceTree = "<group>"; };
/* End PBXFileReference section */

/* Begin PBXFrameworksBuildPhase section */
		4364D8622913963500FD6219 /* Frameworks */ = {
			isa = PBXFrameworksBuildPhase;
			buildActionMask = 2147483647;
			files = (
			);
			runOnlyForDeploymentPostprocessing = 0;
		};
		4364D8722913963900FD6219 /* Frameworks */ = {
			isa = PBXFrameworksBuildPhase;
			buildActionMask = 2147483647;
			files = (
			);
			runOnlyForDeploymentPostprocessing = 0;
		};
		4364D87C2913963900FD6219 /* Frameworks */ = {
			isa = PBXFrameworksBuildPhase;
			buildActionMask = 2147483647;
			files = (
			);
			runOnlyForDeploymentPostprocessing = 0;
		};
/* End PBXFrameworksBuildPhase section */

/* Begin PBXGroup section */
		4364D85C2913963500FD6219 = {
			isa = PBXGroup;
			children = (
				4364D8672913963500FD6219 /* Diveroid300 */,
				4364D8782913963900FD6219 /* Diveroid300Tests */,
				4364D8822913963900FD6219 /* Diveroid300UITests */,
				4364D8662913963500FD6219 /* Products */,
			);
			sourceTree = "<group>";
		};
		4364D8662913963500FD6219 /* Products */ = {
			isa = PBXGroup;
			children = (
				4364D8652913963500FD6219 /* Diveroid300.app */,
				4364D8752913963900FD6219 /* Diveroid300Tests.xctest */,
				4364D87F2913963900FD6219 /* Diveroid300UITests.xctest */,
			);
			name = Products;
			sourceTree = "<group>";
		};
		4364D8672913963500FD6219 /* Diveroid300 */ = {
			isa = PBXGroup;
			children = (
				4364D8682913963500FD6219 /* Diveroid300App.swift */,
				4364D89B2913AC6100FD6219 /* Camera */,
				4364D8A62913B7C700FD6219 /* Extensions */,
				4364D89729139B5600FD6219 /* Models */,
				4364D892291399CB00FD6219 /* Views */,
				4364D86C2913963800FD6219 /* Assets.xcassets */,
				4364D86E2913963800FD6219 /* Preview Content */,
			);
			path = Diveroid300;
			sourceTree = "<group>";
		};
		4364D86E2913963800FD6219 /* Preview Content */ = {
			isa = PBXGroup;
			children = (
				4364D86F2913963800FD6219 /* Preview Assets.xcassets */,
			);
			path = "Preview Content";
			sourceTree = "<group>";
		};
		4364D8782913963900FD6219 /* Diveroid300Tests */ = {
			isa = PBXGroup;
			children = (
				4364D8792913963900FD6219 /* Diveroid300Tests.swift */,
			);
			path = Diveroid300Tests;
			sourceTree = "<group>";
		};
		4364D8822913963900FD6219 /* Diveroid300UITests */ = {
			isa = PBXGroup;
			children = (
				4364D8832913963900FD6219 /* Diveroid300UITests.swift */,
				4364D8852913963900FD6219 /* Diveroid300UITestsLaunchTests.swift */,
			);
			path = Diveroid300UITests;
			sourceTree = "<group>";
		};
		4364D892291399CB00FD6219 /* Views */ = {
			isa = PBXGroup;
			children = (
				4364D86A2913963500FD6219 /* DiveMainView.swift */,
				4364D8AB2913DAE700FD6219 /* ButtonsView.swift */,
				4364D8A22913B58200FD6219 /* FrameView.swift */,
				4364D8A92913B8DA00FD6219 /* ErrorView.swift */,
				4364D89329139A1F00FD6219 /* General */,
			);
			path = Views;
			sourceTree = "<group>";
		};
		4364D89329139A1F00FD6219 /* General */ = {
			isa = PBXGroup;
			children = (
				4364D89429139A3200FD6219 /* ComputerArea.swift */,
			);
			path = General;
			sourceTree = "<group>";
		};
		4364D89729139B5600FD6219 /* Models */ = {
			isa = PBXGroup;
			children = (
				4364D89829139B7600FD6219 /* Constants.swift */,
				4364D8A42913B6D500FD6219 /* DiveMainViewModel.swift */,
			);
			path = Models;
			sourceTree = "<group>";
		};
		4364D89B2913AC6100FD6219 /* Camera */ = {
			isa = PBXGroup;
			children = (
				4364D89C2913AC9E00FD6219 /* CameraManager.swift */,
				4364D8A02913B28000FD6219 /* FrameManager.swift */,
				4364D89E2913ACEB00FD6219 /* CameraError.swift */,
			);
			path = Camera;
			sourceTree = "<group>";
		};
		4364D8A62913B7C700FD6219 /* Extensions */ = {
			isa = PBXGroup;
			children = (
				4364D8A72913B7DF00FD6219 /* CGImageExtension.swift */,
			);
			path = Extensions;
			sourceTree = "<group>";
		};
/* End PBXGroup section */

/* Begin PBXNativeTarget section */
		4364D8642913963500FD6219 /* Diveroid300 */ = {
			isa = PBXNativeTarget;
			buildConfigurationList = 4364D8892913963900FD6219 /* Build configuration list for PBXNativeTarget "Diveroid300" */;
			buildPhases = (
				4364D8612913963500FD6219 /* Sources */,
				4364D8622913963500FD6219 /* Frameworks */,
				4364D8632913963500FD6219 /* Resources */,
			);
			buildRules = (
			);
			dependencies = (
			);
			name = Diveroid300;
			productName = Diveroid300;
			productReference = 4364D8652913963500FD6219 /* Diveroid300.app */;
			productType = "com.apple.product-type.application";
		};
		4364D8742913963900FD6219 /* Diveroid300Tests */ = {
			isa = PBXNativeTarget;
			buildConfigurationList = 4364D88C2913963900FD6219 /* Build configuration list for PBXNativeTarget "Diveroid300Tests" */;
			buildPhases = (
				4364D8712913963900FD6219 /* Sources */,
				4364D8722913963900FD6219 /* Frameworks */,
				4364D8732913963900FD6219 /* Resources */,
			);
			buildRules = (
			);
			dependencies = (
				4364D8772913963900FD6219 /* PBXTargetDependency */,
			);
			name = Diveroid300Tests;
			productName = Diveroid300Tests;
			productReference = 4364D8752913963900FD6219 /* Diveroid300Tests.xctest */;
			productType = "com.apple.product-type.bundle.unit-test";
		};
		4364D87E2913963900FD6219 /* Diveroid300UITests */ = {
			isa = PBXNativeTarget;
			buildConfigurationList = 4364D88F2913963900FD6219 /* Build configuration list for PBXNativeTarget "Diveroid300UITests" */;
			buildPhases = (
				4364D87B2913963900FD6219 /* Sources */,
				4364D87C2913963900FD6219 /* Frameworks */,
				4364D87D2913963900FD6219 /* Resources */,
			);
			buildRules = (
			);
			dependencies = (
				4364D8812913963900FD6219 /* PBXTargetDependency */,
			);
			name = Diveroid300UITests;
			productName = Diveroid300UITests;
			productReference = 4364D87F2913963900FD6219 /* Diveroid300UITests.xctest */;
			productType = "com.apple.product-type.bundle.ui-testing";
		};
/* End PBXNativeTarget section */

/* Begin PBXProject section */
		4364D85D2913963500FD6219 /* Project object */ = {
			isa = PBXProject;
			attributes = {
				BuildIndependentTargetsInParallel = 1;
				LastSwiftUpdateCheck = 1400;
				LastUpgradeCheck = 1400;
				TargetAttributes = {
					4364D8642913963500FD6219 = {
						CreatedOnToolsVersion = 14.0.1;
					};
					4364D8742913963900FD6219 = {
						CreatedOnToolsVersion = 14.0.1;
						TestTargetID = 4364D8642913963500FD6219;
					};
					4364D87E2913963900FD6219 = {
						CreatedOnToolsVersion = 14.0.1;
						TestTargetID = 4364D8642913963500FD6219;
					};
				};
			};
			buildConfigurationList = 4364D8602913963500FD6219 /* Build configuration list for PBXProject "Diveroid300" */;
			compatibilityVersion = "Xcode 14.0";
			developmentRegion = en;
			hasScannedForEncodings = 0;
			knownRegions = (
				en,
				Base,
			);
			mainGroup = 4364D85C2913963500FD6219;
			productRefGroup = 4364D8662913963500FD6219 /* Products */;
			projectDirPath = "";
			projectRoot = "";
			targets = (
				4364D8642913963500FD6219 /* Diveroid300 */,
				4364D8742913963900FD6219 /* Diveroid300Tests */,
				4364D87E2913963900FD6219 /* Diveroid300UITests */,
			);
		};
/* End PBXProject section */

/* Begin PBXResourcesBuildPhase section */
		4364D8632913963500FD6219 /* Resources */ = {
			isa = PBXResourcesBuildPhase;
			buildActionMask = 2147483647;
			files = (
				4364D8702913963800FD6219 /* Preview Assets.xcassets in Resources */,
				4364D86D2913963800FD6219 /* Assets.xcassets in Resources */,
			);
			runOnlyForDeploymentPostprocessing = 0;
		};
		4364D8732913963900FD6219 /* Resources */ = {
			isa = PBXResourcesBuildPhase;
			buildActionMask = 2147483647;
			files = (
			);
			runOnlyForDeploymentPostprocessing = 0;
		};
		4364D87D2913963900FD6219 /* Resources */ = {
			isa = PBXResourcesBuildPhase;
			buildActionMask = 2147483647;
			files = (
			);
			runOnlyForDeploymentPostprocessing = 0;
		};
/* End PBXResourcesBuildPhase section */

/* Begin PBXSourcesBuildPhase section */
		4364D8612913963500FD6219 /* Sources */ = {
			isa = PBXSourcesBuildPhase;
			buildActionMask = 2147483647;
			files = (
				4364D8A32913B58200FD6219 /* FrameView.swift in Sources */,
				4364D8A82913B7DF00FD6219 /* CGImageExtension.swift in Sources */,
				4364D89529139A3200FD6219 /* ComputerArea.swift in Sources */,
				4364D86B2913963500FD6219 /* DiveMainView.swift in Sources */,
				4364D8692913963500FD6219 /* Diveroid300App.swift in Sources */,
				4364D89929139B7600FD6219 /* Constants.swift in Sources */,
				4364D8AC2913DAE700FD6219 /* ButtonsView.swift in Sources */,
				4364D8A52913B6D500FD6219 /* DiveMainViewModel.swift in Sources */,
				4364D89D2913AC9E00FD6219 /* CameraManager.swift in Sources */,
				4364D8A12913B28000FD6219 /* FrameManager.swift in Sources */,
				4364D89F2913ACEB00FD6219 /* CameraError.swift in Sources */,
				4364D8AA2913B8DA00FD6219 /* ErrorView.swift in Sources */,
			);
			runOnlyForDeploymentPostprocessing = 0;
		};
		4364D8712913963900FD6219 /* Sources */ = {
			isa = PBXSourcesBuildPhase;
			buildActionMask = 2147483647;
			files = (
				4364D87A2913963900FD6219 /* Diveroid300Tests.swift in Sources */,
			);
			runOnlyForDeploymentPostprocessing = 0;
		};
		4364D87B2913963900FD6219 /* Sources */ = {
			isa = PBXSourcesBuildPhase;
			buildActionMask = 2147483647;
			files = (
				4364D8862913963900FD6219 /* Diveroid300UITestsLaunchTests.swift in Sources */,
				4364D8842913963900FD6219 /* Diveroid300UITests.swift in Sources */,
			);
			runOnlyForDeploymentPostprocessing = 0;
		};
/* End PBXSourcesBuildPhase section */

/* Begin PBXTargetDependency section */
		4364D8772913963900FD6219 /* PBXTargetDependency */ = {
			isa = PBXTargetDependency;
			target = 4364D8642913963500FD6219 /* Diveroid300 */;
			targetProxy = 4364D8762913963900FD6219 /* PBXContainerItemProxy */;
		};
		4364D8812913963900FD6219 /* PBXTargetDependency */ = {
			isa = PBXTargetDependency;
			target = 4364D8642913963500FD6219 /* Diveroid300 */;
			targetProxy = 4364D8802913963900FD6219 /* PBXContainerItemProxy */;
		};
/* End PBXTargetDependency section */

/* Begin XCBuildConfiguration section */
		4364D8872913963900FD6219 /* Debug */ = {
			isa = XCBuildConfiguration;
			buildSettings = {
				ALWAYS_SEARCH_USER_PATHS = NO;
				CLANG_ANALYZER_NONNULL = YES;
				CLANG_ANALYZER_NUMBER_OBJECT_CONVERSION = YES_AGGRESSIVE;
				CLANG_CXX_LANGUAGE_STANDARD = "gnu++20";
				CLANG_ENABLE_MODULES = YES;
				CLANG_ENABLE_OBJC_ARC = YES;
				CLANG_ENABLE_OBJC_WEAK = YES;
				CLANG_WARN_BLOCK_CAPTURE_AUTORELEASING = YES;
				CLANG_WARN_BOOL_CONVERSION = YES;
				CLANG_WARN_COMMA = YES;
				CLANG_WARN_CONSTANT_CONVERSION = YES;
				CLANG_WARN_DEPRECATED_OBJC_IMPLEMENTATIONS = YES;
				CLANG_WARN_DIRECT_OBJC_ISA_USAGE = YES_ERROR;
				CLANG_WARN_DOCUMENTATION_COMMENTS = YES;
				CLANG_WARN_EMPTY_BODY = YES;
				CLANG_WARN_ENUM_CONVERSION = YES;
				CLANG_WARN_INFINITE_RECURSION = YES;
				CLANG_WARN_INT_CONVERSION = YES;
				CLANG_WARN_NON_LITERAL_NULL_CONVERSION = YES;
				CLANG_WARN_OBJC_IMPLICIT_RETAIN_SELF = YES;
				CLANG_WARN_OBJC_LITERAL_CONVERSION = YES;
				CLANG_WARN_OBJC_ROOT_CLASS = YES_ERROR;
				CLANG_WARN_QUOTED_INCLUDE_IN_FRAMEWORK_HEADER = YES;
				CLANG_WARN_RANGE_LOOP_ANALYSIS = YES;
				CLANG_WARN_STRICT_PROTOTYPES = YES;
				CLANG_WARN_SUSPICIOUS_MOVE = YES;
				CLANG_WARN_UNGUARDED_AVAILABILITY = YES_AGGRESSIVE;
				CLANG_WARN_UNREACHABLE_CODE = YES;
				CLANG_WARN__DUPLICATE_METHOD_MATCH = YES;
				COPY_PHASE_STRIP = NO;
				DEBUG_INFORMATION_FORMAT = dwarf;
				ENABLE_STRICT_OBJC_MSGSEND = YES;
				ENABLE_TESTABILITY = YES;
				GCC_C_LANGUAGE_STANDARD = gnu11;
				GCC_DYNAMIC_NO_PIC = NO;
				GCC_NO_COMMON_BLOCKS = YES;
				GCC_OPTIMIZATION_LEVEL = 0;
				GCC_PREPROCESSOR_DEFINITIONS = (
					"DEBUG=1",
					"$(inherited)",
				);
				GCC_WARN_64_TO_32_BIT_CONVERSION = YES;
				GCC_WARN_ABOUT_RETURN_TYPE = YES_ERROR;
				GCC_WARN_UNDECLARED_SELECTOR = YES;
				GCC_WARN_UNINITIALIZED_AUTOS = YES_AGGRESSIVE;
				GCC_WARN_UNUSED_FUNCTION = YES;
				GCC_WARN_UNUSED_VARIABLE = YES;
				IPHONEOS_DEPLOYMENT_TARGET = 16.0;
				MTL_ENABLE_DEBUG_INFO = INCLUDE_SOURCE;
				MTL_FAST_MATH = YES;
				ONLY_ACTIVE_ARCH = YES;
				SDKROOT = iphoneos;
				SWIFT_ACTIVE_COMPILATION_CONDITIONS = DEBUG;
				SWIFT_OPTIMIZATION_LEVEL = "-Onone";
			};
			name = Debug;
		};
		4364D8882913963900FD6219 /* Release */ = {
			isa = XCBuildConfiguration;
			buildSettings = {
				ALWAYS_SEARCH_USER_PATHS = NO;
				CLANG_ANALYZER_NONNULL = YES;
				CLANG_ANALYZER_NUMBER_OBJECT_CONVERSION = YES_AGGRESSIVE;
				CLANG_CXX_LANGUAGE_STANDARD = "gnu++20";
				CLANG_ENABLE_MODULES = YES;
				CLANG_ENABLE_OBJC_ARC = YES;
				CLANG_ENABLE_OBJC_WEAK = YES;
				CLANG_WARN_BLOCK_CAPTURE_AUTORELEASING = YES;
				CLANG_WARN_BOOL_CONVERSION = YES;
				CLANG_WARN_COMMA = YES;
				CLANG_WARN_CONSTANT_CONVERSION = YES;
				CLANG_WARN_DEPRECATED_OBJC_IMPLEMENTATIONS = YES;
				CLANG_WARN_DIRECT_OBJC_ISA_USAGE = YES_ERROR;
				CLANG_WARN_DOCUMENTATION_COMMENTS = YES;
				CLANG_WARN_EMPTY_BODY = YES;
				CLANG_WARN_ENUM_CONVERSION = YES;
				CLANG_WARN_INFINITE_RECURSION = YES;
				CLANG_WARN_INT_CONVERSION = YES;
				CLANG_WARN_NON_LITERAL_NULL_CONVERSION = YES;
				CLANG_WARN_OBJC_IMPLICIT_RETAIN_SELF = YES;
				CLANG_WARN_OBJC_LITERAL_CONVERSION = YES;
				CLANG_WARN_OBJC_ROOT_CLASS = YES_ERROR;
				CLANG_WARN_QUOTED_INCLUDE_IN_FRAMEWORK_HEADER = YES;
				CLANG_WARN_RANGE_LOOP_ANALYSIS = YES;
				CLANG_WARN_STRICT_PROTOTYPES = YES;
				CLANG_WARN_SUSPICIOUS_MOVE = YES;
				CLANG_WARN_UNGUARDED_AVAILABILITY = YES_AGGRESSIVE;
				CLANG_WARN_UNREACHABLE_CODE = YES;
				CLANG_WARN__DUPLICATE_METHOD_MATCH = YES;
				COPY_PHASE_STRIP = NO;
				DEBUG_INFORMATION_FORMAT = "dwarf-with-dsym";
				ENABLE_NS_ASSERTIONS = NO;
				ENABLE_STRICT_OBJC_MSGSEND = YES;
				GCC_C_LANGUAGE_STANDARD = gnu11;
				GCC_NO_COMMON_BLOCKS = YES;
				GCC_WARN_64_TO_32_BIT_CONVERSION = YES;
				GCC_WARN_ABOUT_RETURN_TYPE = YES_ERROR;
				GCC_WARN_UNDECLARED_SELECTOR = YES;
				GCC_WARN_UNINITIALIZED_AUTOS = YES_AGGRESSIVE;
				GCC_WARN_UNUSED_FUNCTION = YES;
				GCC_WARN_UNUSED_VARIABLE = YES;
				IPHONEOS_DEPLOYMENT_TARGET = 16.0;
				MTL_ENABLE_DEBUG_INFO = NO;
				MTL_FAST_MATH = YES;
				SDKROOT = iphoneos;
				SWIFT_COMPILATION_MODE = wholemodule;
				SWIFT_OPTIMIZATION_LEVEL = "-O";
				VALIDATE_PRODUCT = YES;
			};
			name = Release;
		};
		4364D88A2913963900FD6219 /* Debug */ = {
			isa = XCBuildConfiguration;
			buildSettings = {
				ASSETCATALOG_COMPILER_APPICON_NAME = AppIcon;
				ASSETCATALOG_COMPILER_GLOBAL_ACCENT_COLOR_NAME = AccentColor;
				CODE_SIGN_STYLE = Automatic;
				CURRENT_PROJECT_VERSION = 1;
				DEVELOPMENT_ASSET_PATHS = "\"Diveroid300/Preview Content\"";
				DEVELOPMENT_TEAM = GMFX87CRW9;
				ENABLE_PREVIEWS = YES;
				GENERATE_INFOPLIST_FILE = YES;
				INFOPLIST_KEY_NSCameraUsageDescription = "This app need...";
				INFOPLIST_KEY_NSPhotoLibraryUsageDescription = "This app need...";
				INFOPLIST_KEY_UIApplicationSceneManifest_Generation = YES;
				INFOPLIST_KEY_UIApplicationSupportsIndirectInputEvents = YES;
				INFOPLIST_KEY_UILaunchScreen_Generation = YES;
				INFOPLIST_KEY_UISupportedInterfaceOrientations = UIInterfaceOrientationLandscapeRight;
				INFOPLIST_KEY_UISupportedInterfaceOrientations_iPhone = UIInterfaceOrientationLandscapeRight;
				LD_RUNPATH_SEARCH_PATHS = (
					"$(inherited)",
					"@executable_path/Frameworks",
				);
				MARKETING_VERSION = 1.0;
				PRODUCT_BUNDLE_IDENTIFIER = com.hyunbincho.Diveroid300;
				PRODUCT_NAME = "$(TARGET_NAME)";
				SWIFT_EMIT_LOC_STRINGS = YES;
				SWIFT_VERSION = 5.0;
				TARGETED_DEVICE_FAMILY = 1;
			};
			name = Debug;
		};
		4364D88B2913963900FD6219 /* Release */ = {
			isa = XCBuildConfiguration;
			buildSettings = {
				ASSETCATALOG_COMPILER_APPICON_NAME = AppIcon;
				ASSETCATALOG_COMPILER_GLOBAL_ACCENT_COLOR_NAME = AccentColor;
				CODE_SIGN_STYLE = Automatic;
				CURRENT_PROJECT_VERSION = 1;
				DEVELOPMENT_ASSET_PATHS = "\"Diveroid300/Preview Content\"";
				DEVELOPMENT_TEAM = GMFX87CRW9;
				ENABLE_PREVIEWS = YES;
				GENERATE_INFOPLIST_FILE = YES;
				INFOPLIST_KEY_NSCameraUsageDescription = "This app need...";
				INFOPLIST_KEY_NSPhotoLibraryUsageDescription = "This app need...";
				INFOPLIST_KEY_UIApplicationSceneManifest_Generation = YES;
				INFOPLIST_KEY_UIApplicationSupportsIndirectInputEvents = YES;
				INFOPLIST_KEY_UILaunchScreen_Generation = YES;
				INFOPLIST_KEY_UISupportedInterfaceOrientations = UIInterfaceOrientationLandscapeRight;
				INFOPLIST_KEY_UISupportedInterfaceOrientations_iPhone = UIInterfaceOrientationLandscapeRight;
				LD_RUNPATH_SEARCH_PATHS = (
					"$(inherited)",
					"@executable_path/Frameworks",
				);
				MARKETING_VERSION = 1.0;
				PRODUCT_BUNDLE_IDENTIFIER = com.hyunbincho.Diveroid300;
				PRODUCT_NAME = "$(TARGET_NAME)";
				SWIFT_EMIT_LOC_STRINGS = YES;
				SWIFT_VERSION = 5.0;
				TARGETED_DEVICE_FAMILY = 1;
			};
			name = Release;
		};
		4364D88D2913963900FD6219 /* Debug */ = {
			isa = XCBuildConfiguration;
			buildSettings = {
				ALWAYS_EMBED_SWIFT_STANDARD_LIBRARIES = YES;
				BUNDLE_LOADER = "$(TEST_HOST)";
				CODE_SIGN_STYLE = Automatic;
				CURRENT_PROJECT_VERSION = 1;
				DEVELOPMENT_TEAM = GMFX87CRW9;
				GENERATE_INFOPLIST_FILE = YES;
				IPHONEOS_DEPLOYMENT_TARGET = 16.0;
				MARKETING_VERSION = 1.0;
				PRODUCT_BUNDLE_IDENTIFIER = com.hyunbincho.Diveroid300Tests;
				PRODUCT_NAME = "$(TARGET_NAME)";
				SWIFT_EMIT_LOC_STRINGS = NO;
				SWIFT_VERSION = 5.0;
				TARGETED_DEVICE_FAMILY = "1,2";
				TEST_HOST = "$(BUILT_PRODUCTS_DIR)/Diveroid300.app/$(BUNDLE_EXECUTABLE_FOLDER_PATH)/Diveroid300";
			};
			name = Debug;
		};
		4364D88E2913963900FD6219 /* Release */ = {
			isa = XCBuildConfiguration;
			buildSettings = {
				ALWAYS_EMBED_SWIFT_STANDARD_LIBRARIES = YES;
				BUNDLE_LOADER = "$(TEST_HOST)";
				CODE_SIGN_STYLE = Automatic;
				CURRENT_PROJECT_VERSION = 1;
				DEVELOPMENT_TEAM = GMFX87CRW9;
				GENERATE_INFOPLIST_FILE = YES;
				IPHONEOS_DEPLOYMENT_TARGET = 16.0;
				MARKETING_VERSION = 1.0;
				PRODUCT_BUNDLE_IDENTIFIER = com.hyunbincho.Diveroid300Tests;
				PRODUCT_NAME = "$(TARGET_NAME)";
				SWIFT_EMIT_LOC_STRINGS = NO;
				SWIFT_VERSION = 5.0;
				TARGETED_DEVICE_FAMILY = "1,2";
				TEST_HOST = "$(BUILT_PRODUCTS_DIR)/Diveroid300.app/$(BUNDLE_EXECUTABLE_FOLDER_PATH)/Diveroid300";
			};
			name = Release;
		};
		4364D8902913963900FD6219 /* Debug */ = {
			isa = XCBuildConfiguration;
			buildSettings = {
				ALWAYS_EMBED_SWIFT_STANDARD_LIBRARIES = YES;
				CODE_SIGN_STYLE = Automatic;
				CURRENT_PROJECT_VERSION = 1;
				DEVELOPMENT_TEAM = GMFX87CRW9;
				GENERATE_INFOPLIST_FILE = YES;
				MARKETING_VERSION = 1.0;
				PRODUCT_BUNDLE_IDENTIFIER = com.hyunbincho.Diveroid300UITests;
				PRODUCT_NAME = "$(TARGET_NAME)";
				SWIFT_EMIT_LOC_STRINGS = NO;
				SWIFT_VERSION = 5.0;
				TARGETED_DEVICE_FAMILY = "1,2";
				TEST_TARGET_NAME = Diveroid300;
			};
			name = Debug;
		};
		4364D8912913963900FD6219 /* Release */ = {
			isa = XCBuildConfiguration;
			buildSettings = {
				ALWAYS_EMBED_SWIFT_STANDARD_LIBRARIES = YES;
				CODE_SIGN_STYLE = Automatic;
				CURRENT_PROJECT_VERSION = 1;
				DEVELOPMENT_TEAM = GMFX87CRW9;
				GENERATE_INFOPLIST_FILE = YES;
				MARKETING_VERSION = 1.0;
				PRODUCT_BUNDLE_IDENTIFIER = com.hyunbincho.Diveroid300UITests;
				PRODUCT_NAME = "$(TARGET_NAME)";
				SWIFT_EMIT_LOC_STRINGS = NO;
				SWIFT_VERSION = 5.0;
				TARGETED_DEVICE_FAMILY = "1,2";
				TEST_TARGET_NAME = Diveroid300;
			};
			name = Release;
		};
/* End XCBuildConfiguration section */

/* Begin XCConfigurationList section */
		4364D8602913963500FD6219 /* Build configuration list for PBXProject "Diveroid300" */ = {
			isa = XCConfigurationList;
			buildConfigurations = (
				4364D8872913963900FD6219 /* Debug */,
				4364D8882913963900FD6219 /* Release */,
			);
			defaultConfigurationIsVisible = 0;
			defaultConfigurationName = Release;
		};
		4364D8892913963900FD6219 /* Build configuration list for PBXNativeTarget "Diveroid300" */ = {
			isa = XCConfigurationList;
			buildConfigurations = (
				4364D88A2913963900FD6219 /* Debug */,
				4364D88B2913963900FD6219 /* Release */,
			);
			defaultConfigurationIsVisible = 0;
			defaultConfigurationName = Release;
		};
		4364D88C2913963900FD6219 /* Build configuration list for PBXNativeTarget "Diveroid300Tests" */ = {
			isa = XCConfigurationList;
			buildConfigurations = (
				4364D88D2913963900FD6219 /* Debug */,
				4364D88E2913963900FD6219 /* Release */,
			);
			defaultConfigurationIsVisible = 0;
			defaultConfigurationName = Release;
		};
		4364D88F2913963900FD6219 /* Build configuration list for PBXNativeTarget "Diveroid300UITests" */ = {
			isa = XCConfigurationList;
			buildConfigurations = (
				4364D8902913963900FD6219 /* Debug */,
				4364D8912913963900FD6219 /* Release */,
			);
			defaultConfigurationIsVisible = 0;
			defaultConfigurationName = Release;
		};
/* End XCConfigurationList section */
	};
	rootObject = 4364D85D2913963500FD6219 /* Project object */;
}
